
Microsoft Visual Studio Solution File, Format Version 11.00
# Visual C++ Express 2010
Project("{8BC9CEB8-8B4A-11D0-8D11-00A0C91BC942}") = "lab2a", "lab2a.vcxproj", "{E5E3F198-A9C4-A4A7-0F6C-891A3A8C9D0A}"
EndProject
Global
	GlobalSection(SolutionConfigurationPlatforms) = preSolution
		Debug|Win32 = Debug|Win32
		Release|Win32 = Release|Win32
	EndGlobalSection
	GlobalSection(ProjectConfigurationPlatforms) = postSolution
		{E5E3F198-A9C4-A4A7-0F6C-891A3A8C9D0A}.Debug|Win32.ActiveCfg = Debug|Win32
		{E5E3F198-A9C4-A4A7-0F6C-891A3A8C9D0A}.Debug|Win32.Build.0 = Debug|Win32
		{E5E3F198-A9C4-A4A7-0F6C-891A3A8C9D0A}.Release|Win32.ActiveCfg = Release|Win32
		{E5E3F198-A9C4-A4A7-0F6C-891A3A8C9D0A}.Release|Win32.Build.0 = Release|Win32
	EndGlobalSection
	GlobalSection(SolutionProperties) = preSolution
		HideSolutionNode = FALSE
	EndGlobalSection
EndGlobal
